
Microsoft Visual Studio Solution File, Format Version 12.00
# Visual Studio Version 16
VisualStudioVersion = 16.0.31005.135
MinimumVisualStudioVersion = 10.0.40219.1
Project("{FAE04EC0-301F-11D3-BF4B-00C04F79EFBC}") = "PlayMyStory", "PlayMyStory\PlayMyStory.csproj", "{52CF4967-44E1-4258-8B49-95C9C10785B2}"
EndProject
Global
	GlobalSection(SolutionConfigurationPlatforms) = preSolution
		Debug|Any CPU = Debug|Any CPU
		Release|Any CPU = Release|Any CPU
	EndGlobalSection
	GlobalSection(ProjectConfigurationPlatforms) = postSolution
		{52CF4967-44E1-4258-8B49-95C9C10785B2}.Debug|Any CPU.ActiveCfg = Debug|Any CPU
		{52CF4967-44E1-4258-8B49-95C9C10785B2}.Debug|Any CPU.Build.0 = Debug|Any CPU
		{52CF4967-44E1-4258-8B49-95C9C10785B2}.Release|Any CPU.ActiveCfg = Release|Any CPU
		{52CF4967-44E1-4258-8B49-95C9C10785B2}.Release|Any CPU.Build.0 = Release|Any CPU
	EndGlobalSection
	GlobalSection(SolutionProperties) = preSolution
		HideSolutionNode = FALSE
	EndGlobalSection
	GlobalSection(ExtensibilityGlobals) = postSolution
		SolutionGuid = {66052843-5136-401E-B097-32A528170C4E}
	EndGlobalSection
EndGlobal
