
Microsoft Visual Studio Solution File, Format Version 12.00
# Visual Studio Version 16
VisualStudioVersion = 16.0.31005.135
MinimumVisualStudioVersion = 10.0.40219.1
Project("{FAE04EC0-301F-11D3-BF4B-00C04F79EFBC}") = "PlayMyStory", "PlayMyStory\PlayMyStory.csproj", "{52CF4967-44E1-4258-8B49-95C9C10785B2}"
EndProject
Project("{2150E333-8FDC-42A3-9474-1A3956D46DE8}") = "Model", "Model", "{5E4BCD32-ACA5-46E0-8D3A-6C23F36FF6B8}"
EndProject
Project("{FAE04EC0-301F-11D3-BF4B-00C04F79EFBC}") = "Model.PlayMyStory", "Model.PlayMyStory\Model.PlayMyStory.csproj", "{CD172D60-73D8-4191-B40E-E51818079EA9}"
EndProject
Project("{FAE04EC0-301F-11D3-BF4B-00C04F79EFBC}") = "Contracts.PlayMyStory", "Contracts.PlayMyStory\Contracts.PlayMyStory.csproj", "{B630104D-5571-46A0-9170-8662C9E00ABF}"
EndProject
Project("{2150E333-8FDC-42A3-9474-1A3956D46DE8}") = "WebApp", "WebApp", "{935604CD-E29A-4673-8B74-04061C96BFAD}"
EndProject
Project("{FAE04EC0-301F-11D3-BF4B-00C04F79EFBC}") = "UnityConfig.PlayMyStory", "UnityConfig.PlayMyStory\UnityConfig.PlayMyStory.csproj", "{B89E30D9-AE03-4ACF-9716-4BFB0705EECF}"
EndProject
Project("{FAE04EC0-301F-11D3-BF4B-00C04F79EFBC}") = "Repositories.PlayMyStory", "Repositories.PlayMyStory\Repositories.PlayMyStory.csproj", "{DB5D018B-7327-4CD7-9419-18B480021532}"
EndProject
Project("{2150E333-8FDC-42A3-9474-1A3956D46DE8}") = "Test", "Test", "{E722135F-14E6-499F-A7E2-F1BBA5AE3A74}"
EndProject
Project("{FAE04EC0-301F-11D3-BF4B-00C04F79EFBC}") = "UnitTest.PlayMyStory", "UnitTest.PlayMyStory\UnitTest.PlayMyStory.csproj", "{E4C46948-E483-41F6-AB45-20AFAD14460C}"
EndProject
Global
	GlobalSection(SolutionConfigurationPlatforms) = preSolution
		Debug|Any CPU = Debug|Any CPU
		Release|Any CPU = Release|Any CPU
	EndGlobalSection
	GlobalSection(ProjectConfigurationPlatforms) = postSolution
		{52CF4967-44E1-4258-8B49-95C9C10785B2}.Debug|Any CPU.ActiveCfg = Debug|Any CPU
		{52CF4967-44E1-4258-8B49-95C9C10785B2}.Debug|Any CPU.Build.0 = Debug|Any CPU
		{52CF4967-44E1-4258-8B49-95C9C10785B2}.Release|Any CPU.ActiveCfg = Release|Any CPU
		{52CF4967-44E1-4258-8B49-95C9C10785B2}.Release|Any CPU.Build.0 = Release|Any CPU
		{CD172D60-73D8-4191-B40E-E51818079EA9}.Debug|Any CPU.ActiveCfg = Debug|Any CPU
		{CD172D60-73D8-4191-B40E-E51818079EA9}.Debug|Any CPU.Build.0 = Debug|Any CPU
		{CD172D60-73D8-4191-B40E-E51818079EA9}.Release|Any CPU.ActiveCfg = Release|Any CPU
		{CD172D60-73D8-4191-B40E-E51818079EA9}.Release|Any CPU.Build.0 = Release|Any CPU
		{B630104D-5571-46A0-9170-8662C9E00ABF}.Debug|Any CPU.ActiveCfg = Debug|Any CPU
		{B630104D-5571-46A0-9170-8662C9E00ABF}.Debug|Any CPU.Build.0 = Debug|Any CPU
		{B630104D-5571-46A0-9170-8662C9E00ABF}.Release|Any CPU.ActiveCfg = Release|Any CPU
		{B630104D-5571-46A0-9170-8662C9E00ABF}.Release|Any CPU.Build.0 = Release|Any CPU
		{B89E30D9-AE03-4ACF-9716-4BFB0705EECF}.Debug|Any CPU.ActiveCfg = Debug|Any CPU
		{B89E30D9-AE03-4ACF-9716-4BFB0705EECF}.Debug|Any CPU.Build.0 = Debug|Any CPU
		{B89E30D9-AE03-4ACF-9716-4BFB0705EECF}.Release|Any CPU.ActiveCfg = Release|Any CPU
		{B89E30D9-AE03-4ACF-9716-4BFB0705EECF}.Release|Any CPU.Build.0 = Release|Any CPU
		{DB5D018B-7327-4CD7-9419-18B480021532}.Debug|Any CPU.ActiveCfg = Debug|Any CPU
		{DB5D018B-7327-4CD7-9419-18B480021532}.Debug|Any CPU.Build.0 = Debug|Any CPU
		{DB5D018B-7327-4CD7-9419-18B480021532}.Release|Any CPU.ActiveCfg = Release|Any CPU
		{DB5D018B-7327-4CD7-9419-18B480021532}.Release|Any CPU.Build.0 = Release|Any CPU
		{E4C46948-E483-41F6-AB45-20AFAD14460C}.Debug|Any CPU.ActiveCfg = Debug|Any CPU
		{E4C46948-E483-41F6-AB45-20AFAD14460C}.Debug|Any CPU.Build.0 = Debug|Any CPU
		{E4C46948-E483-41F6-AB45-20AFAD14460C}.Release|Any CPU.ActiveCfg = Release|Any CPU
		{E4C46948-E483-41F6-AB45-20AFAD14460C}.Release|Any CPU.Build.0 = Release|Any CPU
	EndGlobalSection
	GlobalSection(SolutionProperties) = preSolution
		HideSolutionNode = FALSE
	EndGlobalSection
	GlobalSection(NestedProjects) = preSolution
		{52CF4967-44E1-4258-8B49-95C9C10785B2} = {935604CD-E29A-4673-8B74-04061C96BFAD}
		{CD172D60-73D8-4191-B40E-E51818079EA9} = {5E4BCD32-ACA5-46E0-8D3A-6C23F36FF6B8}
		{B630104D-5571-46A0-9170-8662C9E00ABF} = {5E4BCD32-ACA5-46E0-8D3A-6C23F36FF6B8}
		{B89E30D9-AE03-4ACF-9716-4BFB0705EECF} = {935604CD-E29A-4673-8B74-04061C96BFAD}
		{DB5D018B-7327-4CD7-9419-18B480021532} = {935604CD-E29A-4673-8B74-04061C96BFAD}
		{E4C46948-E483-41F6-AB45-20AFAD14460C} = {E722135F-14E6-499F-A7E2-F1BBA5AE3A74}
	EndGlobalSection
	GlobalSection(ExtensibilityGlobals) = postSolution
		SolutionGuid = {66052843-5136-401E-B097-32A528170C4E}
	EndGlobalSection
EndGlobal
